
Microsoft Visual Studio Solution File, Format Version 12.00
# Visual Studio Version 17
VisualStudioVersion = 17.9.34723.18
MinimumVisualStudioVersion = 10.0.40219.1
Project("{FAE04EC0-301F-11D3-BF4B-00C04F79EFBC}") = "BasicsC#Tasks", "BasicsC#Tasks\BasicsC#Tasks.csproj", "{C0621F18-1BA6-4904-B603-BC904291E8B8}"
EndProject
Global
	GlobalSection(SolutionConfigurationPlatforms) = preSolution
		Debug|Any CPU = Debug|Any CPU
		Release|Any CPU = Release|Any CPU
	EndGlobalSection
	GlobalSection(ProjectConfigurationPlatforms) = postSolution
		{C0621F18-1BA6-4904-B603-BC904291E8B8}.Debug|Any CPU.ActiveCfg = Debug|Any CPU
		{C0621F18-1BA6-4904-B603-BC904291E8B8}.Debug|Any CPU.Build.0 = Debug|Any CPU
		{C0621F18-1BA6-4904-B603-BC904291E8B8}.Release|Any CPU.ActiveCfg = Release|Any CPU
		{C0621F18-1BA6-4904-B603-BC904291E8B8}.Release|Any CPU.Build.0 = Release|Any CPU
	EndGlobalSection
	GlobalSection(SolutionProperties) = preSolution
		HideSolutionNode = FALSE
	EndGlobalSection
	GlobalSection(ExtensibilityGlobals) = postSolution
		SolutionGuid = {665FBF20-BDB3-4114-ACCF-FBDC4CA76902}
	EndGlobalSection
EndGlobal
