
Microsoft Visual Studio Solution File, Format Version 12.00
# Visual Studio Version 17
VisualStudioVersion = 17.9.34723.18
MinimumVisualStudioVersion = 10.0.40219.1
Project("{9A19103F-16F7-4668-BE54-9A1E7A4F7556}") = "EmployeeTrackerModelLibrary", "EmployeeTrackerModelLibrary\EmployeeTrackerModelLibrary.csproj", "{5B2E24FC-AF0C-458E-BA5A-BED3F134311D}"
EndProject
Project("{FAE04EC0-301F-11D3-BF4B-00C04F79EFBC}") = "EmployeeTrackerDALLibrary", "EmployeeTrackerDALLibrary\EmployeeTrackerDALLibrary.csproj", "{5C22D6BD-6570-4CA1-9FF9-182E072A0B2E}"
EndProject
Project("{FAE04EC0-301F-11D3-BF4B-00C04F79EFBC}") = "EmployeeTrackerBLLLibrary", "EmployeeTrackerBLLLibrary\EmployeeTrackerBLLLibrary.csproj", "{ABB5D6DF-877F-4044-A0E9-66302F882772}"
EndProject
Project("{FAE04EC0-301F-11D3-BF4B-00C04F79EFBC}") = "EmployeeTrackerApp", "EmployeeTrackerApp\EmployeeTrackerApp.csproj", "{D1614B97-43F5-48F7-9B21-05E1A7461E68}"
EndProject
Global
	GlobalSection(SolutionConfigurationPlatforms) = preSolution
		Debug|Any CPU = Debug|Any CPU
		Release|Any CPU = Release|Any CPU
	EndGlobalSection
	GlobalSection(ProjectConfigurationPlatforms) = postSolution
		{5B2E24FC-AF0C-458E-BA5A-BED3F134311D}.Debug|Any CPU.ActiveCfg = Debug|Any CPU
		{5B2E24FC-AF0C-458E-BA5A-BED3F134311D}.Debug|Any CPU.Build.0 = Debug|Any CPU
		{5B2E24FC-AF0C-458E-BA5A-BED3F134311D}.Release|Any CPU.ActiveCfg = Release|Any CPU
		{5B2E24FC-AF0C-458E-BA5A-BED3F134311D}.Release|Any CPU.Build.0 = Release|Any CPU
		{5C22D6BD-6570-4CA1-9FF9-182E072A0B2E}.Debug|Any CPU.ActiveCfg = Debug|Any CPU
		{5C22D6BD-6570-4CA1-9FF9-182E072A0B2E}.Debug|Any CPU.Build.0 = Debug|Any CPU
		{5C22D6BD-6570-4CA1-9FF9-182E072A0B2E}.Release|Any CPU.ActiveCfg = Release|Any CPU
		{5C22D6BD-6570-4CA1-9FF9-182E072A0B2E}.Release|Any CPU.Build.0 = Release|Any CPU
		{ABB5D6DF-877F-4044-A0E9-66302F882772}.Debug|Any CPU.ActiveCfg = Debug|Any CPU
		{ABB5D6DF-877F-4044-A0E9-66302F882772}.Debug|Any CPU.Build.0 = Debug|Any CPU
		{ABB5D6DF-877F-4044-A0E9-66302F882772}.Release|Any CPU.ActiveCfg = Release|Any CPU
		{ABB5D6DF-877F-4044-A0E9-66302F882772}.Release|Any CPU.Build.0 = Release|Any CPU
		{D1614B97-43F5-48F7-9B21-05E1A7461E68}.Debug|Any CPU.ActiveCfg = Debug|Any CPU
		{D1614B97-43F5-48F7-9B21-05E1A7461E68}.Debug|Any CPU.Build.0 = Debug|Any CPU
		{D1614B97-43F5-48F7-9B21-05E1A7461E68}.Release|Any CPU.ActiveCfg = Release|Any CPU
		{D1614B97-43F5-48F7-9B21-05E1A7461E68}.Release|Any CPU.Build.0 = Release|Any CPU
	EndGlobalSection
	GlobalSection(SolutionProperties) = preSolution
		HideSolutionNode = FALSE
	EndGlobalSection
	GlobalSection(ExtensibilityGlobals) = postSolution
		SolutionGuid = {99E75917-56C5-450C-BEF8-EB1F598F7592}
	EndGlobalSection
EndGlobal
