
Microsoft Visual Studio Solution File, Format Version 12.00
# Visual Studio Version 17
VisualStudioVersion = 17.9.34723.18
MinimumVisualStudioVersion = 10.0.40219.1
Project("{FAE04EC0-301F-11D3-BF4B-00C04F79EFBC}") = "EmployeeRequestTrackerAPI", "EmployeeRequestTrackerAPI\EmployeeRequestTrackerAPI.csproj", "{3CAC5CF1-A3F1-43AD-9D7A-7519E7E8C7CE}"
EndProject
Global
	GlobalSection(SolutionConfigurationPlatforms) = preSolution
		Debug|Any CPU = Debug|Any CPU
		Release|Any CPU = Release|Any CPU
	EndGlobalSection
	GlobalSection(ProjectConfigurationPlatforms) = postSolution
		{3CAC5CF1-A3F1-43AD-9D7A-7519E7E8C7CE}.Debug|Any CPU.ActiveCfg = Debug|Any CPU
		{3CAC5CF1-A3F1-43AD-9D7A-7519E7E8C7CE}.Debug|Any CPU.Build.0 = Debug|Any CPU
		{3CAC5CF1-A3F1-43AD-9D7A-7519E7E8C7CE}.Release|Any CPU.ActiveCfg = Release|Any CPU
		{3CAC5CF1-A3F1-43AD-9D7A-7519E7E8C7CE}.Release|Any CPU.Build.0 = Release|Any CPU
	EndGlobalSection
	GlobalSection(SolutionProperties) = preSolution
		HideSolutionNode = FALSE
	EndGlobalSection
	GlobalSection(ExtensibilityGlobals) = postSolution
		SolutionGuid = {4E662FDF-E0BD-4455-BF64-458ECEC4B22F}
	EndGlobalSection
EndGlobal
