
Microsoft Visual Studio Solution File, Format Version 12.00
# Visual Studio Version 17
VisualStudioVersion = 17.9.34723.18
MinimumVisualStudioVersion = 10.0.40219.1
Project("{FAE04EC0-301F-11D3-BF4B-00C04F79EFBC}") = "RequestTracker", "RequestTracker\RequestTracker.csproj", "{479E93F9-AAF6-4E51-8500-BF80760A0F59}"
EndProject
Project("{FAE04EC0-301F-11D3-BF4B-00C04F79EFBC}") = "RequestTrackerLibrary", "RequestTrackerLibrary\RequestTrackerLibrary.csproj", "{C7D48EDF-0341-419A-8F92-47E13AFA686F}"
EndProject
Global
	GlobalSection(SolutionConfigurationPlatforms) = preSolution
		Debug|Any CPU = Debug|Any CPU
		Release|Any CPU = Release|Any CPU
	EndGlobalSection
	GlobalSection(ProjectConfigurationPlatforms) = postSolution
		{479E93F9-AAF6-4E51-8500-BF80760A0F59}.Debug|Any CPU.ActiveCfg = Debug|Any CPU
		{479E93F9-AAF6-4E51-8500-BF80760A0F59}.Debug|Any CPU.Build.0 = Debug|Any CPU
		{479E93F9-AAF6-4E51-8500-BF80760A0F59}.Release|Any CPU.ActiveCfg = Release|Any CPU
		{479E93F9-AAF6-4E51-8500-BF80760A0F59}.Release|Any CPU.Build.0 = Release|Any CPU
		{C7D48EDF-0341-419A-8F92-47E13AFA686F}.Debug|Any CPU.ActiveCfg = Debug|Any CPU
		{C7D48EDF-0341-419A-8F92-47E13AFA686F}.Debug|Any CPU.Build.0 = Debug|Any CPU
		{C7D48EDF-0341-419A-8F92-47E13AFA686F}.Release|Any CPU.ActiveCfg = Release|Any CPU
		{C7D48EDF-0341-419A-8F92-47E13AFA686F}.Release|Any CPU.Build.0 = Release|Any CPU
	EndGlobalSection
	GlobalSection(SolutionProperties) = preSolution
		HideSolutionNode = FALSE
	EndGlobalSection
	GlobalSection(ExtensibilityGlobals) = postSolution
		SolutionGuid = {472F4D8B-1D89-44A6-BC06-DE9DCBD42444}
	EndGlobalSection
EndGlobal
