
Microsoft Visual Studio Solution File, Format Version 12.00
# Visual Studio Version 17
VisualStudioVersion = 17.9.34723.18
MinimumVisualStudioVersion = 10.0.40219.1
Project("{FAE04EC0-301F-11D3-BF4B-00C04F79EFBC}") = "ClinicTrackerAPI", "ClinicTrackerAPI\ClinicTrackerAPI.csproj", "{851928D7-17BF-4058-B170-292C13AB3317}"
EndProject
Global
	GlobalSection(SolutionConfigurationPlatforms) = preSolution
		Debug|Any CPU = Debug|Any CPU
		Release|Any CPU = Release|Any CPU
	EndGlobalSection
	GlobalSection(ProjectConfigurationPlatforms) = postSolution
		{851928D7-17BF-4058-B170-292C13AB3317}.Debug|Any CPU.ActiveCfg = Debug|Any CPU
		{851928D7-17BF-4058-B170-292C13AB3317}.Debug|Any CPU.Build.0 = Debug|Any CPU
		{851928D7-17BF-4058-B170-292C13AB3317}.Release|Any CPU.ActiveCfg = Release|Any CPU
		{851928D7-17BF-4058-B170-292C13AB3317}.Release|Any CPU.Build.0 = Release|Any CPU
	EndGlobalSection
	GlobalSection(SolutionProperties) = preSolution
		HideSolutionNode = FALSE
	EndGlobalSection
	GlobalSection(ExtensibilityGlobals) = postSolution
		SolutionGuid = {D442BAD3-DD27-48CE-AC0E-23559D935920}
	EndGlobalSection
EndGlobal
