
Microsoft Visual Studio Solution File, Format Version 12.00
# Visual Studio Version 17
VisualStudioVersion = 17.9.34723.18
MinimumVisualStudioVersion = 10.0.40219.1
Project("{FAE04EC0-301F-11D3-BF4B-00C04F79EFBC}") = "CompanyTrackerApp", "CompanyTrackerApp\CompanyTrackerApp.csproj", "{8E1FB3E1-D996-4613-B598-15E3AFFFBA08}"
EndProject
Project("{FAE04EC0-301F-11D3-BF4B-00C04F79EFBC}") = "CompanyTrackerLibrary", "CompanyTrackerLibrary\CompanyTrackerLibrary.csproj", "{9ED8BF58-C560-4A95-8D4F-C3C84D791CF6}"
EndProject
Global
	GlobalSection(SolutionConfigurationPlatforms) = preSolution
		Debug|Any CPU = Debug|Any CPU
		Release|Any CPU = Release|Any CPU
	EndGlobalSection
	GlobalSection(ProjectConfigurationPlatforms) = postSolution
		{8E1FB3E1-D996-4613-B598-15E3AFFFBA08}.Debug|Any CPU.ActiveCfg = Debug|Any CPU
		{8E1FB3E1-D996-4613-B598-15E3AFFFBA08}.Debug|Any CPU.Build.0 = Debug|Any CPU
		{8E1FB3E1-D996-4613-B598-15E3AFFFBA08}.Release|Any CPU.ActiveCfg = Release|Any CPU
		{8E1FB3E1-D996-4613-B598-15E3AFFFBA08}.Release|Any CPU.Build.0 = Release|Any CPU
		{9ED8BF58-C560-4A95-8D4F-C3C84D791CF6}.Debug|Any CPU.ActiveCfg = Debug|Any CPU
		{9ED8BF58-C560-4A95-8D4F-C3C84D791CF6}.Debug|Any CPU.Build.0 = Debug|Any CPU
		{9ED8BF58-C560-4A95-8D4F-C3C84D791CF6}.Release|Any CPU.ActiveCfg = Release|Any CPU
		{9ED8BF58-C560-4A95-8D4F-C3C84D791CF6}.Release|Any CPU.Build.0 = Release|Any CPU
	EndGlobalSection
	GlobalSection(SolutionProperties) = preSolution
		HideSolutionNode = FALSE
	EndGlobalSection
	GlobalSection(ExtensibilityGlobals) = postSolution
		SolutionGuid = {00F84CA8-AD84-4665-88C5-D219727EB2AD}
	EndGlobalSection
EndGlobal
